{
  "name": "@fusionstrings/jspm-github-registry",
  "version": "1.0.0",
  "lockfileVersion": 1,
  "requires": true,
  "dependencies": {
    "@fusionstrings/github-package": {
      "version": "1.0.0",
      "resolved": "https://npm.pkg.github.com/download/@fusionstrings/github-package/1.0.0/73b50d6ff288b36d44c47c447114b064ad896773f6d22adc6cc00af040c4c08b",
      "integrity": "sha512-D357/UeCDOol0p4fwHA8MZreg3iQvwgO8BkGmv+xLgKNE/t6icUK+iGkiQi9QzmP003nggaeBNsf9RStjG6bcw=="
    }
  }
}
